// !$*UTF8*$!
{
	archiveVersion = 1;
	classes = {
	};
	objectVersion = 56;
	objects = {

/* Begin PBXBuildFile section */
		8021CCC62C9AFAA400CB9B8D /* AppDelegate.swift in Sources */ = {isa = PBXBuildFile; fileRef = 8021CCC52C9AFAA400CB9B8D /* AppDelegate.swift */; };
		8021CCC82C9B337900CB9B8D /* StravaAuthManager.swift in Sources */ = {isa = PBXBuildFile; fileRef = 8021CCC72C9B337900CB9B8D /* StravaAuthManager.swift */; };
		8021CCCA2C9B367100CB9B8D /* AppState.swift in Sources */ = {isa = PBXBuildFile; fileRef = 8021CCC92C9B367100CB9B8D /* AppState.swift */; };
		8021CCCC2C9B4EBD00CB9B8D /* LandingPageView.swift in Sources */ = {isa = PBXBuildFile; fileRef = 8021CCCB2C9B4EBD00CB9B8D /* LandingPageView.swift */; };
		8021CCCE2C9B67F100CB9B8D /* DashboardView.swift in Sources */ = {isa = PBXBuildFile; fileRef = 8021CCCD2C9B67F100CB9B8D /* DashboardView.swift */; };
		8021CCD02C9B6B9A00CB9B8D /* DashboardNavbar.swift in Sources */ = {isa = PBXBuildFile; fileRef = 8021CCCF2C9B6B9A00CB9B8D /* DashboardNavbar.swift */; };
		8021CCD22C9B6BAB00CB9B8D /* TrainingWeek.swift in Sources */ = {isa = PBXBuildFile; fileRef = 8021CCD12C9B6BAB00CB9B8D /* TrainingWeek.swift */; };
		8021CCD62C9B6DF900CB9B8D /* ColorTheme.swift in Sources */ = {isa = PBXBuildFile; fileRef = 8021CCD52C9B6DF900CB9B8D /* ColorTheme.swift */; };
		8021CCD82C9B9A1700CB9B8D /* LoadingView.swift in Sources */ = {isa = PBXBuildFile; fileRef = 8021CCD72C9B9A1700CB9B8D /* LoadingView.swift */; };
		80777D152C973F01007565FC /* mobileApp.swift in Sources */ = {isa = PBXBuildFile; fileRef = 80777D142C973F01007565FC /* mobileApp.swift */; };
		80777D172C973F01007565FC /* ContentView.swift in Sources */ = {isa = PBXBuildFile; fileRef = 80777D162C973F01007565FC /* ContentView.swift */; };
		80777D192C973F02007565FC /* Assets.xcassets in Resources */ = {isa = PBXBuildFile; fileRef = 80777D182C973F02007565FC /* Assets.xcassets */; };
		80777D1C2C973F02007565FC /* Preview Assets.xcassets in Resources */ = {isa = PBXBuildFile; fileRef = 80777D1B2C973F02007565FC /* Preview Assets.xcassets */; };
/* End PBXBuildFile section */

/* Begin PBXFileReference section */
		8021CCC52C9AFAA400CB9B8D /* AppDelegate.swift */ = {isa = PBXFileReference; lastKnownFileType = sourcecode.swift; path = AppDelegate.swift; sourceTree = "<group>"; };
		8021CCC72C9B337900CB9B8D /* StravaAuthManager.swift */ = {isa = PBXFileReference; lastKnownFileType = sourcecode.swift; path = StravaAuthManager.swift; sourceTree = "<group>"; };
		8021CCC92C9B367100CB9B8D /* AppState.swift */ = {isa = PBXFileReference; lastKnownFileType = sourcecode.swift; path = AppState.swift; sourceTree = "<group>"; };
		8021CCCB2C9B4EBD00CB9B8D /* LandingPageView.swift */ = {isa = PBXFileReference; lastKnownFileType = sourcecode.swift; path = LandingPageView.swift; sourceTree = "<group>"; };
		8021CCCD2C9B67F100CB9B8D /* DashboardView.swift */ = {isa = PBXFileReference; lastKnownFileType = sourcecode.swift; path = DashboardView.swift; sourceTree = "<group>"; };
		8021CCCF2C9B6B9A00CB9B8D /* DashboardNavbar.swift */ = {isa = PBXFileReference; lastKnownFileType = sourcecode.swift; path = DashboardNavbar.swift; sourceTree = "<group>"; };
		8021CCD12C9B6BAB00CB9B8D /* TrainingWeek.swift */ = {isa = PBXFileReference; lastKnownFileType = sourcecode.swift; path = TrainingWeek.swift; sourceTree = "<group>"; };
		8021CCD52C9B6DF900CB9B8D /* ColorTheme.swift */ = {isa = PBXFileReference; lastKnownFileType = sourcecode.swift; path = ColorTheme.swift; sourceTree = "<group>"; };
		8021CCD72C9B9A1700CB9B8D /* LoadingView.swift */ = {isa = PBXFileReference; lastKnownFileType = sourcecode.swift; path = LoadingView.swift; sourceTree = "<group>"; };
		80777D112C973F01007565FC /* mobile.app */ = {isa = PBXFileReference; explicitFileType = wrapper.application; includeInIndex = 0; path = mobile.app; sourceTree = BUILT_PRODUCTS_DIR; };
		80777D142C973F01007565FC /* mobileApp.swift */ = {isa = PBXFileReference; lastKnownFileType = sourcecode.swift; path = mobileApp.swift; sourceTree = "<group>"; };
		80777D162C973F01007565FC /* ContentView.swift */ = {isa = PBXFileReference; lastKnownFileType = sourcecode.swift; path = ContentView.swift; sourceTree = "<group>"; };
		80777D182C973F02007565FC /* Assets.xcassets */ = {isa = PBXFileReference; lastKnownFileType = folder.assetcatalog; path = Assets.xcassets; sourceTree = "<group>"; };
		80777D1B2C973F02007565FC /* Preview Assets.xcassets */ = {isa = PBXFileReference; lastKnownFileType = folder.assetcatalog; path = "Preview Assets.xcassets"; sourceTree = "<group>"; };
		80A6AD222C9A508D005145B3 /* Info.plist */ = {isa = PBXFileReference; lastKnownFileType = text.plist; path = Info.plist; sourceTree = "<group>"; };
/* End PBXFileReference section */

/* Begin PBXFrameworksBuildPhase section */
		80777D0E2C973F01007565FC /* Frameworks */ = {
			isa = PBXFrameworksBuildPhase;
			buildActionMask = 2147483647;
			files = (
			);
			runOnlyForDeploymentPostprocessing = 0;
		};
/* End PBXFrameworksBuildPhase section */

/* Begin PBXGroup section */
		80777D082C973F01007565FC = {
			isa = PBXGroup;
			children = (
				80777D132C973F01007565FC /* mobile */,
				80777D122C973F01007565FC /* Products */,
			);
			sourceTree = "<group>";
		};
		80777D122C973F01007565FC /* Products */ = {
			isa = PBXGroup;
			children = (
				80777D112C973F01007565FC /* mobile.app */,
			);
			name = Products;
			sourceTree = "<group>";
		};
		80777D132C973F01007565FC /* mobile */ = {
			isa = PBXGroup;
			children = (
				8021CCC52C9AFAA400CB9B8D /* AppDelegate.swift */,
				80A6AD222C9A508D005145B3 /* Info.plist */,
				80777D142C973F01007565FC /* mobileApp.swift */,
				80777D162C973F01007565FC /* ContentView.swift */,
				80777D182C973F02007565FC /* Assets.xcassets */,
				80777D1A2C973F02007565FC /* Preview Content */,
				8021CCC72C9B337900CB9B8D /* StravaAuthManager.swift */,
				8021CCC92C9B367100CB9B8D /* AppState.swift */,
				8021CCCB2C9B4EBD00CB9B8D /* LandingPageView.swift */,
				8021CCCD2C9B67F100CB9B8D /* DashboardView.swift */,
				8021CCCF2C9B6B9A00CB9B8D /* DashboardNavbar.swift */,
				8021CCD12C9B6BAB00CB9B8D /* TrainingWeek.swift */,
				8021CCD52C9B6DF900CB9B8D /* ColorTheme.swift */,
				8021CCD72C9B9A1700CB9B8D /* LoadingView.swift */,
			);
			path = mobile;
			sourceTree = "<group>";
		};
		80777D1A2C973F02007565FC /* Preview Content */ = {
			isa = PBXGroup;
			children = (
				80777D1B2C973F02007565FC /* Preview Assets.xcassets */,
			);
			path = "Preview Content";
			sourceTree = "<group>";
		};
/* End PBXGroup section */

/* Begin PBXNativeTarget section */
		80777D102C973F01007565FC /* mobile */ = {
			isa = PBXNativeTarget;
			buildConfigurationList = 80777D352C973F02007565FC /* Build configuration list for PBXNativeTarget "mobile" */;
			buildPhases = (
				80777D0D2C973F01007565FC /* Sources */,
				80777D0E2C973F01007565FC /* Frameworks */,
				80777D0F2C973F01007565FC /* Resources */,
			);
			buildRules = (
			);
			dependencies = (
			);
			name = mobile;
			productName = mobile;
			productReference = 80777D112C973F01007565FC /* mobile.app */;
			productType = "com.apple.product-type.application";
		};
/* End PBXNativeTarget section */

/* Begin PBXProject section */
		80777D092C973F01007565FC /* Project object */ = {
			isa = PBXProject;
			attributes = {
				BuildIndependentTargetsInParallel = 1;
				LastSwiftUpdateCheck = 1540;
				LastUpgradeCheck = 1540;
				TargetAttributes = {
					80777D102C973F01007565FC = {
						CreatedOnToolsVersion = 15.4;
					};
				};
			};
			buildConfigurationList = 80777D0C2C973F01007565FC /* Build configuration list for PBXProject "mobile" */;
			compatibilityVersion = "Xcode 14.0";
			developmentRegion = en;
			hasScannedForEncodings = 0;
			knownRegions = (
				en,
				Base,
			);
			mainGroup = 80777D082C973F01007565FC;
			productRefGroup = 80777D122C973F01007565FC /* Products */;
			projectDirPath = "";
			projectRoot = "";
			targets = (
				80777D102C973F01007565FC /* mobile */,
			);
		};
/* End PBXProject section */

/* Begin PBXResourcesBuildPhase section */
		80777D0F2C973F01007565FC /* Resources */ = {
			isa = PBXResourcesBuildPhase;
			buildActionMask = 2147483647;
			files = (
				80777D1C2C973F02007565FC /* Preview Assets.xcassets in Resources */,
				80777D192C973F02007565FC /* Assets.xcassets in Resources */,
			);
			runOnlyForDeploymentPostprocessing = 0;
		};
/* End PBXResourcesBuildPhase section */

/* Begin PBXSourcesBuildPhase section */
		80777D0D2C973F01007565FC /* Sources */ = {
			isa = PBXSourcesBuildPhase;
			buildActionMask = 2147483647;
			files = (
				8021CCC82C9B337900CB9B8D /* StravaAuthManager.swift in Sources */,
				8021CCCC2C9B4EBD00CB9B8D /* LandingPageView.swift in Sources */,
				8021CCD02C9B6B9A00CB9B8D /* DashboardNavbar.swift in Sources */,
				8021CCD82C9B9A1700CB9B8D /* LoadingView.swift in Sources */,
				8021CCCA2C9B367100CB9B8D /* AppState.swift in Sources */,
				8021CCCE2C9B67F100CB9B8D /* DashboardView.swift in Sources */,
				8021CCC62C9AFAA400CB9B8D /* AppDelegate.swift in Sources */,
				80777D172C973F01007565FC /* ContentView.swift in Sources */,
				80777D152C973F01007565FC /* mobileApp.swift in Sources */,
				8021CCD62C9B6DF900CB9B8D /* ColorTheme.swift in Sources */,
				8021CCD22C9B6BAB00CB9B8D /* TrainingWeek.swift in Sources */,
			);
			runOnlyForDeploymentPostprocessing = 0;
		};
/* End PBXSourcesBuildPhase section */

/* Begin XCBuildConfiguration section */
		80777D332C973F02007565FC /* Debug */ = {
			isa = XCBuildConfiguration;
			buildSettings = {
				ALWAYS_SEARCH_USER_PATHS = NO;
				ASSETCATALOG_COMPILER_GENERATE_SWIFT_ASSET_SYMBOL_EXTENSIONS = YES;
				CLANG_ANALYZER_NONNULL = YES;
				CLANG_ANALYZER_NUMBER_OBJECT_CONVERSION = YES_AGGRESSIVE;
				CLANG_CXX_LANGUAGE_STANDARD = "gnu++20";
				CLANG_ENABLE_MODULES = YES;
				CLANG_ENABLE_OBJC_ARC = YES;
				CLANG_ENABLE_OBJC_WEAK = YES;
				CLANG_WARN_BLOCK_CAPTURE_AUTORELEASING = YES;
				CLANG_WARN_BOOL_CONVERSION = YES;
				CLANG_WARN_COMMA = YES;
				CLANG_WARN_CONSTANT_CONVERSION = YES;
				CLANG_WARN_DEPRECATED_OBJC_IMPLEMENTATIONS = YES;
				CLANG_WARN_DIRECT_OBJC_ISA_USAGE = YES_ERROR;
				CLANG_WARN_DOCUMENTATION_COMMENTS = YES;
				CLANG_WARN_EMPTY_BODY = YES;
				CLANG_WARN_ENUM_CONVERSION = YES;
				CLANG_WARN_INFINITE_RECURSION = YES;
				CLANG_WARN_INT_CONVERSION = YES;
				CLANG_WARN_NON_LITERAL_NULL_CONVERSION = YES;
				CLANG_WARN_OBJC_IMPLICIT_RETAIN_SELF = YES;
				CLANG_WARN_OBJC_LITERAL_CONVERSION = YES;
				CLANG_WARN_OBJC_ROOT_CLASS = YES_ERROR;
				CLANG_WARN_QUOTED_INCLUDE_IN_FRAMEWORK_HEADER = YES;
				CLANG_WARN_RANGE_LOOP_ANALYSIS = YES;
				CLANG_WARN_STRICT_PROTOTYPES = YES;
				CLANG_WARN_SUSPICIOUS_MOVE = YES;
				CLANG_WARN_UNGUARDED_AVAILABILITY = YES_AGGRESSIVE;
				CLANG_WARN_UNREACHABLE_CODE = YES;
				CLANG_WARN__DUPLICATE_METHOD_MATCH = YES;
				COPY_PHASE_STRIP = NO;
				DEBUG_INFORMATION_FORMAT = dwarf;
				ENABLE_STRICT_OBJC_MSGSEND = YES;
				ENABLE_TESTABILITY = YES;
				ENABLE_USER_SCRIPT_SANDBOXING = YES;
				GCC_C_LANGUAGE_STANDARD = gnu17;
				GCC_DYNAMIC_NO_PIC = NO;
				GCC_NO_COMMON_BLOCKS = YES;
				GCC_OPTIMIZATION_LEVEL = 0;
				GCC_PREPROCESSOR_DEFINITIONS = (
					"DEBUG=1",
					"$(inherited)",
				);
				GCC_WARN_64_TO_32_BIT_CONVERSION = YES;
				GCC_WARN_ABOUT_RETURN_TYPE = YES_ERROR;
				GCC_WARN_UNDECLARED_SELECTOR = YES;
				GCC_WARN_UNINITIALIZED_AUTOS = YES_AGGRESSIVE;
				GCC_WARN_UNUSED_FUNCTION = YES;
				GCC_WARN_UNUSED_VARIABLE = YES;
				GENERATE_INFOPLIST_FILE = NO;
				IPHONEOS_DEPLOYMENT_TARGET = 17.5;
				LOCALIZATION_PREFERS_STRING_CATALOGS = YES;
				MTL_ENABLE_DEBUG_INFO = INCLUDE_SOURCE;
				MTL_FAST_MATH = YES;
				ONLY_ACTIVE_ARCH = YES;
				SDKROOT = iphoneos;
				SWIFT_ACTIVE_COMPILATION_CONDITIONS = "DEBUG $(inherited)";
				SWIFT_OPTIMIZATION_LEVEL = "-Onone";
			};
			name = Debug;
		};
		80777D342C973F02007565FC /* Release */ = {
			isa = XCBuildConfiguration;
			buildSettings = {
				ALWAYS_SEARCH_USER_PATHS = NO;
				ASSETCATALOG_COMPILER_GENERATE_SWIFT_ASSET_SYMBOL_EXTENSIONS = YES;
				CLANG_ANALYZER_NONNULL = YES;
				CLANG_ANALYZER_NUMBER_OBJECT_CONVERSION = YES_AGGRESSIVE;
				CLANG_CXX_LANGUAGE_STANDARD = "gnu++20";
				CLANG_ENABLE_MODULES = YES;
				CLANG_ENABLE_OBJC_ARC = YES;
				CLANG_ENABLE_OBJC_WEAK = YES;
				CLANG_WARN_BLOCK_CAPTURE_AUTORELEASING = YES;
				CLANG_WARN_BOOL_CONVERSION = YES;
				CLANG_WARN_COMMA = YES;
				CLANG_WARN_CONSTANT_CONVERSION = YES;
				CLANG_WARN_DEPRECATED_OBJC_IMPLEMENTATIONS = YES;
				CLANG_WARN_DIRECT_OBJC_ISA_USAGE = YES_ERROR;
				CLANG_WARN_DOCUMENTATION_COMMENTS = YES;
				CLANG_WARN_EMPTY_BODY = YES;
				CLANG_WARN_ENUM_CONVERSION = YES;
				CLANG_WARN_INFINITE_RECURSION = YES;
				CLANG_WARN_INT_CONVERSION = YES;
				CLANG_WARN_NON_LITERAL_NULL_CONVERSION = YES;
				CLANG_WARN_OBJC_IMPLICIT_RETAIN_SELF = YES;
				CLANG_WARN_OBJC_LITERAL_CONVERSION = YES;
				CLANG_WARN_OBJC_ROOT_CLASS = YES_ERROR;
				CLANG_WARN_QUOTED_INCLUDE_IN_FRAMEWORK_HEADER = YES;
				CLANG_WARN_RANGE_LOOP_ANALYSIS = YES;
				CLANG_WARN_STRICT_PROTOTYPES = YES;
				CLANG_WARN_SUSPICIOUS_MOVE = YES;
				CLANG_WARN_UNGUARDED_AVAILABILITY = YES_AGGRESSIVE;
				CLANG_WARN_UNREACHABLE_CODE = YES;
				CLANG_WARN__DUPLICATE_METHOD_MATCH = YES;
				COPY_PHASE_STRIP = NO;
				DEBUG_INFORMATION_FORMAT = "dwarf-with-dsym";
				ENABLE_NS_ASSERTIONS = NO;
				ENABLE_STRICT_OBJC_MSGSEND = YES;
				ENABLE_USER_SCRIPT_SANDBOXING = YES;
				GCC_C_LANGUAGE_STANDARD = gnu17;
				GCC_NO_COMMON_BLOCKS = YES;
				GCC_WARN_64_TO_32_BIT_CONVERSION = YES;
				GCC_WARN_ABOUT_RETURN_TYPE = YES_ERROR;
				GCC_WARN_UNDECLARED_SELECTOR = YES;
				GCC_WARN_UNINITIALIZED_AUTOS = YES_AGGRESSIVE;
				GCC_WARN_UNUSED_FUNCTION = YES;
				GCC_WARN_UNUSED_VARIABLE = YES;
				GENERATE_INFOPLIST_FILE = NO;
				IPHONEOS_DEPLOYMENT_TARGET = 17.5;
				LOCALIZATION_PREFERS_STRING_CATALOGS = YES;
				MTL_ENABLE_DEBUG_INFO = NO;
				MTL_FAST_MATH = YES;
				SDKROOT = iphoneos;
				SWIFT_COMPILATION_MODE = wholemodule;
				VALIDATE_PRODUCT = YES;
			};
			name = Release;
		};
		80777D362C973F02007565FC /* Debug */ = {
			isa = XCBuildConfiguration;
			buildSettings = {
				ASSETCATALOG_COMPILER_APPICON_NAME = AppIcon;
				ASSETCATALOG_COMPILER_GLOBAL_ACCENT_COLOR_NAME = AccentColor;
				CODE_SIGN_STYLE = Automatic;
				CURRENT_PROJECT_VERSION = 1;
				DEVELOPMENT_ASSET_PATHS = "\"mobile/Preview Content\"";
				DEVELOPMENT_TEAM = HUAAF6KX6P;
				ENABLE_PREVIEWS = YES;
				GENERATE_INFOPLIST_FILE = YES;
				INFOPLIST_FILE = mobile/Info.plist;
				INFOPLIST_KEY_UIApplicationSceneManifest_Generation = YES;
				INFOPLIST_KEY_UIApplicationSupportsIndirectInputEvents = YES;
				INFOPLIST_KEY_UILaunchScreen_Generation = YES;
				INFOPLIST_KEY_UISupportedInterfaceOrientations_iPad = "UIInterfaceOrientationPortrait UIInterfaceOrientationPortraitUpsideDown UIInterfaceOrientationLandscapeLeft UIInterfaceOrientationLandscapeRight";
				INFOPLIST_KEY_UISupportedInterfaceOrientations_iPhone = "UIInterfaceOrientationPortrait UIInterfaceOrientationLandscapeLeft UIInterfaceOrientationLandscapeRight";
				LD_RUNPATH_SEARCH_PATHS = (
					"$(inherited)",
					"@executable_path/Frameworks",
				);
				MARKETING_VERSION = 1.0;
				PRODUCT_BUNDLE_IDENTIFIER = voynow.mobile;
				PRODUCT_NAME = "$(TARGET_NAME)";
				SWIFT_EMIT_LOC_STRINGS = YES;
				SWIFT_VERSION = 5.0;
				TARGETED_DEVICE_FAMILY = "1,2";
			};
			name = Debug;
		};
		80777D372C973F02007565FC /* Release */ = {
			isa = XCBuildConfiguration;
			buildSettings = {
				ASSETCATALOG_COMPILER_APPICON_NAME = AppIcon;
				ASSETCATALOG_COMPILER_GLOBAL_ACCENT_COLOR_NAME = AccentColor;
				CODE_SIGN_STYLE = Automatic;
				CURRENT_PROJECT_VERSION = 1;
				DEVELOPMENT_ASSET_PATHS = "\"mobile/Preview Content\"";
				ENABLE_PREVIEWS = YES;
				GENERATE_INFOPLIST_FILE = YES;
				INFOPLIST_FILE = mobile/Info.plist;
				INFOPLIST_KEY_UIApplicationSceneManifest_Generation = YES;
				INFOPLIST_KEY_UIApplicationSupportsIndirectInputEvents = YES;
				INFOPLIST_KEY_UILaunchScreen_Generation = YES;
				INFOPLIST_KEY_UISupportedInterfaceOrientations_iPad = "UIInterfaceOrientationPortrait UIInterfaceOrientationPortraitUpsideDown UIInterfaceOrientationLandscapeLeft UIInterfaceOrientationLandscapeRight";
				INFOPLIST_KEY_UISupportedInterfaceOrientations_iPhone = "UIInterfaceOrientationPortrait UIInterfaceOrientationLandscapeLeft UIInterfaceOrientationLandscapeRight";
				LD_RUNPATH_SEARCH_PATHS = (
					"$(inherited)",
					"@executable_path/Frameworks",
				);
				MARKETING_VERSION = 1.0;
				PRODUCT_BUNDLE_IDENTIFIER = voynow.mobile;
				PRODUCT_NAME = "$(TARGET_NAME)";
				SWIFT_EMIT_LOC_STRINGS = YES;
				SWIFT_VERSION = 5.0;
				TARGETED_DEVICE_FAMILY = "1,2";
			};
			name = Release;
		};
/* End XCBuildConfiguration section */

/* Begin XCConfigurationList section */
		80777D0C2C973F01007565FC /* Build configuration list for PBXProject "mobile" */ = {
			isa = XCConfigurationList;
			buildConfigurations = (
				80777D332C973F02007565FC /* Debug */,
				80777D342C973F02007565FC /* Release */,
			);
			defaultConfigurationIsVisible = 0;
			defaultConfigurationName = Release;
		};
		80777D352C973F02007565FC /* Build configuration list for PBXNativeTarget "mobile" */ = {
			isa = XCConfigurationList;
			buildConfigurations = (
				80777D362C973F02007565FC /* Debug */,
				80777D372C973F02007565FC /* Release */,
			);
			defaultConfigurationIsVisible = 0;
			defaultConfigurationName = Release;
		};
/* End XCConfigurationList section */
	};
	rootObject = 80777D092C973F01007565FC /* Project object */;
}
